
Microsoft Visual Studio Solution File, Format Version 12.00
# Visual Studio Version 17
VisualStudioVersion = 17.8.34525.116
MinimumVisualStudioVersion = 10.0.40219.1
Project("{9A19103F-16F7-4668-BE54-9A1E7A4F7556}") = "DimensionsLoadConsole", "DimensionsLoadConsole\DimensionsLoadConsole.csproj", "{CB507418-6E5C-4C32-8D1A-82AA9D143D6F}"
EndProject
Project("{FAE04EC0-301F-11D3-BF4B-00C04F79EFBC}") = "DimensionsLoadConsole.WorkerService", "DimensionsLoadConsole.WorkerService\DimensionsLoadConsole.WorkerService.csproj", "{9FC2DCBC-54CE-4E77-9F11-37CE309B2FB6}"
EndProject
Global
	GlobalSection(SolutionConfigurationPlatforms) = preSolution
		Debug|Any CPU = Debug|Any CPU
		Release|Any CPU = Release|Any CPU
	EndGlobalSection
	GlobalSection(ProjectConfigurationPlatforms) = postSolution
		{CB507418-6E5C-4C32-8D1A-82AA9D143D6F}.Debug|Any CPU.ActiveCfg = Debug|Any CPU
		{CB507418-6E5C-4C32-8D1A-82AA9D143D6F}.Debug|Any CPU.Build.0 = Debug|Any CPU
		{CB507418-6E5C-4C32-8D1A-82AA9D143D6F}.Release|Any CPU.ActiveCfg = Release|Any CPU
		{CB507418-6E5C-4C32-8D1A-82AA9D143D6F}.Release|Any CPU.Build.0 = Release|Any CPU
		{9FC2DCBC-54CE-4E77-9F11-37CE309B2FB6}.Debug|Any CPU.ActiveCfg = Debug|Any CPU
		{9FC2DCBC-54CE-4E77-9F11-37CE309B2FB6}.Debug|Any CPU.Build.0 = Debug|Any CPU
		{9FC2DCBC-54CE-4E77-9F11-37CE309B2FB6}.Release|Any CPU.ActiveCfg = Release|Any CPU
		{9FC2DCBC-54CE-4E77-9F11-37CE309B2FB6}.Release|Any CPU.Build.0 = Release|Any CPU
	EndGlobalSection
	GlobalSection(SolutionProperties) = preSolution
		HideSolutionNode = FALSE
	EndGlobalSection
	GlobalSection(ExtensibilityGlobals) = postSolution
		SolutionGuid = {BC4BD8EF-3162-44A4-BFE8-C6CFA5284675}
	EndGlobalSection
EndGlobal
